// !$*UTF8*$!
{
	archiveVersion = 1;
	classes = {
	};
	objectVersion = 55;
	objects = {

/* Begin PBXBuildFile section */
		A23ECFA928FEF65C008FA773 /* CustomTabView_BootcampApp.swift in Sources */ = {isa = PBXBuildFile; fileRef = A23ECFA828FEF65C008FA773 /* CustomTabView_BootcampApp.swift */; };
		A23ECFAD28FEF65E008FA773 /* Assets.xcassets in Resources */ = {isa = PBXBuildFile; fileRef = A23ECFAC28FEF65E008FA773 /* Assets.xcassets */; };
		A23ECFB028FEF65E008FA773 /* Preview Assets.xcassets in Resources */ = {isa = PBXBuildFile; fileRef = A23ECFAF28FEF65E008FA773 /* Preview Assets.xcassets */; };
		A23ECFBA28FF4827008FA773 /* AppTabBarView.swift in Sources */ = {isa = PBXBuildFile; fileRef = A23ECFB928FF4827008FA773 /* AppTabBarView.swift */; };
		A23ECFBC28FF49BB008FA773 /* CustomTabBarView.swift in Sources */ = {isa = PBXBuildFile; fileRef = A23ECFBB28FF49BB008FA773 /* CustomTabBarView.swift */; };
		A23ECFBE2900A346008FA773 /* CustomTabBarContainerView.swift in Sources */ = {isa = PBXBuildFile; fileRef = A23ECFBD2900A346008FA773 /* CustomTabBarContainerView.swift */; };
		A23ECFC029032086008FA773 /* TabBarItemsPreferenceKey.swift in Sources */ = {isa = PBXBuildFile; fileRef = A23ECFBF29032086008FA773 /* TabBarItemsPreferenceKey.swift */; };
		A23ECFC229032322008FA773 /* TabBarItem.swift in Sources */ = {isa = PBXBuildFile; fileRef = A23ECFC129032322008FA773 /* TabBarItem.swift */; };
/* End PBXBuildFile section */

/* Begin PBXFileReference section */
		A23ECFA528FEF65C008FA773 /* CustomTabView_Bootcamp.app */ = {isa = PBXFileReference; explicitFileType = wrapper.application; includeInIndex = 0; path = CustomTabView_Bootcamp.app; sourceTree = BUILT_PRODUCTS_DIR; };
		A23ECFA828FEF65C008FA773 /* CustomTabView_BootcampApp.swift */ = {isa = PBXFileReference; lastKnownFileType = sourcecode.swift; path = CustomTabView_BootcampApp.swift; sourceTree = "<group>"; };
		A23ECFAC28FEF65E008FA773 /* Assets.xcassets */ = {isa = PBXFileReference; lastKnownFileType = folder.assetcatalog; path = Assets.xcassets; sourceTree = "<group>"; };
		A23ECFAF28FEF65E008FA773 /* Preview Assets.xcassets */ = {isa = PBXFileReference; lastKnownFileType = folder.assetcatalog; path = "Preview Assets.xcassets"; sourceTree = "<group>"; };
		A23ECFB928FF4827008FA773 /* AppTabBarView.swift */ = {isa = PBXFileReference; lastKnownFileType = sourcecode.swift; path = AppTabBarView.swift; sourceTree = "<group>"; };
		A23ECFBB28FF49BB008FA773 /* CustomTabBarView.swift */ = {isa = PBXFileReference; lastKnownFileType = sourcecode.swift; path = CustomTabBarView.swift; sourceTree = "<group>"; };
		A23ECFBD2900A346008FA773 /* CustomTabBarContainerView.swift */ = {isa = PBXFileReference; lastKnownFileType = sourcecode.swift; path = CustomTabBarContainerView.swift; sourceTree = "<group>"; };
		A23ECFBF29032086008FA773 /* TabBarItemsPreferenceKey.swift */ = {isa = PBXFileReference; lastKnownFileType = sourcecode.swift; path = TabBarItemsPreferenceKey.swift; sourceTree = "<group>"; };
		A23ECFC129032322008FA773 /* TabBarItem.swift */ = {isa = PBXFileReference; lastKnownFileType = sourcecode.swift; path = TabBarItem.swift; sourceTree = "<group>"; };
/* End PBXFileReference section */

/* Begin PBXFrameworksBuildPhase section */
		A23ECFA228FEF65C008FA773 /* Frameworks */ = {
			isa = PBXFrameworksBuildPhase;
			buildActionMask = 2147483647;
			files = (
			);
			runOnlyForDeploymentPostprocessing = 0;
		};
/* End PBXFrameworksBuildPhase section */

/* Begin PBXGroup section */
		A23ECF9C28FEF65C008FA773 = {
			isa = PBXGroup;
			children = (
				A23ECFA728FEF65C008FA773 /* CustomTabView_Bootcamp */,
				A23ECFA628FEF65C008FA773 /* Products */,
			);
			sourceTree = "<group>";
		};
		A23ECFA628FEF65C008FA773 /* Products */ = {
			isa = PBXGroup;
			children = (
				A23ECFA528FEF65C008FA773 /* CustomTabView_Bootcamp.app */,
			);
			name = Products;
			sourceTree = "<group>";
		};
		A23ECFA728FEF65C008FA773 /* CustomTabView_Bootcamp */ = {
			isa = PBXGroup;
			children = (
				A23ECFB628FF47D7008FA773 /* CustomTabBar */,
				A23ECFA828FEF65C008FA773 /* CustomTabView_BootcampApp.swift */,
				A23ECFAC28FEF65E008FA773 /* Assets.xcassets */,
				A23ECFAE28FEF65E008FA773 /* Preview Content */,
			);
			path = CustomTabView_Bootcamp;
			sourceTree = "<group>";
		};
		A23ECFAE28FEF65E008FA773 /* Preview Content */ = {
			isa = PBXGroup;
			children = (
				A23ECFAF28FEF65E008FA773 /* Preview Assets.xcassets */,
			);
			path = "Preview Content";
			sourceTree = "<group>";
		};
		A23ECFB628FF47D7008FA773 /* CustomTabBar */ = {
			isa = PBXGroup;
			children = (
				A23ECFB928FF4827008FA773 /* AppTabBarView.swift */,
				A23ECFBB28FF49BB008FA773 /* CustomTabBarView.swift */,
				A23ECFBD2900A346008FA773 /* CustomTabBarContainerView.swift */,
				A23ECFBF29032086008FA773 /* TabBarItemsPreferenceKey.swift */,
				A23ECFC129032322008FA773 /* TabBarItem.swift */,
			);
			path = CustomTabBar;
			sourceTree = "<group>";
		};
/* End PBXGroup section */

/* Begin PBXNativeTarget section */
		A23ECFA428FEF65C008FA773 /* CustomTabView_Bootcamp */ = {
			isa = PBXNativeTarget;
			buildConfigurationList = A23ECFB328FEF65E008FA773 /* Build configuration list for PBXNativeTarget "CustomTabView_Bootcamp" */;
			buildPhases = (
				A23ECFA128FEF65C008FA773 /* Sources */,
				A23ECFA228FEF65C008FA773 /* Frameworks */,
				A23ECFA328FEF65C008FA773 /* Resources */,
			);
			buildRules = (
			);
			dependencies = (
			);
			name = CustomTabView_Bootcamp;
			productName = CustomTabView_Bootcamp;
			productReference = A23ECFA528FEF65C008FA773 /* CustomTabView_Bootcamp.app */;
			productType = "com.apple.product-type.application";
		};
/* End PBXNativeTarget section */

/* Begin PBXProject section */
		A23ECF9D28FEF65C008FA773 /* Project object */ = {
			isa = PBXProject;
			attributes = {
				BuildIndependentTargetsInParallel = 1;
				LastSwiftUpdateCheck = 1340;
				LastUpgradeCheck = 1340;
				TargetAttributes = {
					A23ECFA428FEF65C008FA773 = {
						CreatedOnToolsVersion = 13.4.1;
					};
				};
			};
			buildConfigurationList = A23ECFA028FEF65C008FA773 /* Build configuration list for PBXProject "CustomTabView_Bootcamp" */;
			compatibilityVersion = "Xcode 13.0";
			developmentRegion = en;
			hasScannedForEncodings = 0;
			knownRegions = (
				en,
				Base,
			);
			mainGroup = A23ECF9C28FEF65C008FA773;
			productRefGroup = A23ECFA628FEF65C008FA773 /* Products */;
			projectDirPath = "";
			projectRoot = "";
			targets = (
				A23ECFA428FEF65C008FA773 /* CustomTabView_Bootcamp */,
			);
		};
/* End PBXProject section */

/* Begin PBXResourcesBuildPhase section */
		A23ECFA328FEF65C008FA773 /* Resources */ = {
			isa = PBXResourcesBuildPhase;
			buildActionMask = 2147483647;
			files = (
				A23ECFB028FEF65E008FA773 /* Preview Assets.xcassets in Resources */,
				A23ECFAD28FEF65E008FA773 /* Assets.xcassets in Resources */,
			);
			runOnlyForDeploymentPostprocessing = 0;
		};
/* End PBXResourcesBuildPhase section */

/* Begin PBXSourcesBuildPhase section */
		A23ECFA128FEF65C008FA773 /* Sources */ = {
			isa = PBXSourcesBuildPhase;
			buildActionMask = 2147483647;
			files = (
				A23ECFC229032322008FA773 /* TabBarItem.swift in Sources */,
				A23ECFBC28FF49BB008FA773 /* CustomTabBarView.swift in Sources */,
				A23ECFBA28FF4827008FA773 /* AppTabBarView.swift in Sources */,
				A23ECFA928FEF65C008FA773 /* CustomTabView_BootcampApp.swift in Sources */,
				A23ECFBE2900A346008FA773 /* CustomTabBarContainerView.swift in Sources */,
				A23ECFC029032086008FA773 /* TabBarItemsPreferenceKey.swift in Sources */,
			);
			runOnlyForDeploymentPostprocessing = 0;
		};
/* End PBXSourcesBuildPhase section */

/* Begin XCBuildConfiguration section */
		A23ECFB128FEF65E008FA773 /* Debug */ = {
			isa = XCBuildConfiguration;
			buildSettings = {
				ALWAYS_SEARCH_USER_PATHS = NO;
				CLANG_ANALYZER_NONNULL = YES;
				CLANG_ANALYZER_NUMBER_OBJECT_CONVERSION = YES_AGGRESSIVE;
				CLANG_CXX_LANGUAGE_STANDARD = "gnu++17";
				CLANG_ENABLE_MODULES = YES;
				CLANG_ENABLE_OBJC_ARC = YES;
				CLANG_ENABLE_OBJC_WEAK = YES;
				CLANG_WARN_BLOCK_CAPTURE_AUTORELEASING = YES;
				CLANG_WARN_BOOL_CONVERSION = YES;
				CLANG_WARN_COMMA = YES;
				CLANG_WARN_CONSTANT_CONVERSION = YES;
				CLANG_WARN_DEPRECATED_OBJC_IMPLEMENTATIONS = YES;
				CLANG_WARN_DIRECT_OBJC_ISA_USAGE = YES_ERROR;
				CLANG_WARN_DOCUMENTATION_COMMENTS = YES;
				CLANG_WARN_EMPTY_BODY = YES;
				CLANG_WARN_ENUM_CONVERSION = YES;
				CLANG_WARN_INFINITE_RECURSION = YES;
				CLANG_WARN_INT_CONVERSION = YES;
				CLANG_WARN_NON_LITERAL_NULL_CONVERSION = YES;
				CLANG_WARN_OBJC_IMPLICIT_RETAIN_SELF = YES;
				CLANG_WARN_OBJC_LITERAL_CONVERSION = YES;
				CLANG_WARN_OBJC_ROOT_CLASS = YES_ERROR;
				CLANG_WARN_QUOTED_INCLUDE_IN_FRAMEWORK_HEADER = YES;
				CLANG_WARN_RANGE_LOOP_ANALYSIS = YES;
				CLANG_WARN_STRICT_PROTOTYPES = YES;
				CLANG_WARN_SUSPICIOUS_MOVE = YES;
				CLANG_WARN_UNGUARDED_AVAILABILITY = YES_AGGRESSIVE;
				CLANG_WARN_UNREACHABLE_CODE = YES;
				CLANG_WARN__DUPLICATE_METHOD_MATCH = YES;
				COPY_PHASE_STRIP = NO;
				DEBUG_INFORMATION_FORMAT = dwarf;
				ENABLE_STRICT_OBJC_MSGSEND = YES;
				ENABLE_TESTABILITY = YES;
				GCC_C_LANGUAGE_STANDARD = gnu11;
				GCC_DYNAMIC_NO_PIC = NO;
				GCC_NO_COMMON_BLOCKS = YES;
				GCC_OPTIMIZATION_LEVEL = 0;
				GCC_PREPROCESSOR_DEFINITIONS = (
					"DEBUG=1",
					"$(inherited)",
				);
				GCC_WARN_64_TO_32_BIT_CONVERSION = YES;
				GCC_WARN_ABOUT_RETURN_TYPE = YES_ERROR;
				GCC_WARN_UNDECLARED_SELECTOR = YES;
				GCC_WARN_UNINITIALIZED_AUTOS = YES_AGGRESSIVE;
				GCC_WARN_UNUSED_FUNCTION = YES;
				GCC_WARN_UNUSED_VARIABLE = YES;
				IPHONEOS_DEPLOYMENT_TARGET = 15.5;
				MTL_ENABLE_DEBUG_INFO = INCLUDE_SOURCE;
				MTL_FAST_MATH = YES;
				ONLY_ACTIVE_ARCH = YES;
				SDKROOT = iphoneos;
				SWIFT_ACTIVE_COMPILATION_CONDITIONS = DEBUG;
				SWIFT_OPTIMIZATION_LEVEL = "-Onone";
			};
			name = Debug;
		};
		A23ECFB228FEF65E008FA773 /* Release */ = {
			isa = XCBuildConfiguration;
			buildSettings = {
				ALWAYS_SEARCH_USER_PATHS = NO;
				CLANG_ANALYZER_NONNULL = YES;
				CLANG_ANALYZER_NUMBER_OBJECT_CONVERSION = YES_AGGRESSIVE;
				CLANG_CXX_LANGUAGE_STANDARD = "gnu++17";
				CLANG_ENABLE_MODULES = YES;
				CLANG_ENABLE_OBJC_ARC = YES;
				CLANG_ENABLE_OBJC_WEAK = YES;
				CLANG_WARN_BLOCK_CAPTURE_AUTORELEASING = YES;
				CLANG_WARN_BOOL_CONVERSION = YES;
				CLANG_WARN_COMMA = YES;
				CLANG_WARN_CONSTANT_CONVERSION = YES;
				CLANG_WARN_DEPRECATED_OBJC_IMPLEMENTATIONS = YES;
				CLANG_WARN_DIRECT_OBJC_ISA_USAGE = YES_ERROR;
				CLANG_WARN_DOCUMENTATION_COMMENTS = YES;
				CLANG_WARN_EMPTY_BODY = YES;
				CLANG_WARN_ENUM_CONVERSION = YES;
				CLANG_WARN_INFINITE_RECURSION = YES;
				CLANG_WARN_INT_CONVERSION = YES;
				CLANG_WARN_NON_LITERAL_NULL_CONVERSION = YES;
				CLANG_WARN_OBJC_IMPLICIT_RETAIN_SELF = YES;
				CLANG_WARN_OBJC_LITERAL_CONVERSION = YES;
				CLANG_WARN_OBJC_ROOT_CLASS = YES_ERROR;
				CLANG_WARN_QUOTED_INCLUDE_IN_FRAMEWORK_HEADER = YES;
				CLANG_WARN_RANGE_LOOP_ANALYSIS = YES;
				CLANG_WARN_STRICT_PROTOTYPES = YES;
				CLANG_WARN_SUSPICIOUS_MOVE = YES;
				CLANG_WARN_UNGUARDED_AVAILABILITY = YES_AGGRESSIVE;
				CLANG_WARN_UNREACHABLE_CODE = YES;
				CLANG_WARN__DUPLICATE_METHOD_MATCH = YES;
				COPY_PHASE_STRIP = NO;
				DEBUG_INFORMATION_FORMAT = "dwarf-with-dsym";
				ENABLE_NS_ASSERTIONS = NO;
				ENABLE_STRICT_OBJC_MSGSEND = YES;
				GCC_C_LANGUAGE_STANDARD = gnu11;
				GCC_NO_COMMON_BLOCKS = YES;
				GCC_WARN_64_TO_32_BIT_CONVERSION = YES;
				GCC_WARN_ABOUT_RETURN_TYPE = YES_ERROR;
				GCC_WARN_UNDECLARED_SELECTOR = YES;
				GCC_WARN_UNINITIALIZED_AUTOS = YES_AGGRESSIVE;
				GCC_WARN_UNUSED_FUNCTION = YES;
				GCC_WARN_UNUSED_VARIABLE = YES;
				IPHONEOS_DEPLOYMENT_TARGET = 15.5;
				MTL_ENABLE_DEBUG_INFO = NO;
				MTL_FAST_MATH = YES;
				SDKROOT = iphoneos;
				SWIFT_COMPILATION_MODE = wholemodule;
				SWIFT_OPTIMIZATION_LEVEL = "-O";
				VALIDATE_PRODUCT = YES;
			};
			name = Release;
		};
		A23ECFB428FEF65E008FA773 /* Debug */ = {
			isa = XCBuildConfiguration;
			buildSettings = {
				ASSETCATALOG_COMPILER_APPICON_NAME = AppIcon;
				ASSETCATALOG_COMPILER_GLOBAL_ACCENT_COLOR_NAME = AccentColor;
				CODE_SIGN_STYLE = Automatic;
				CURRENT_PROJECT_VERSION = 1;
				DEVELOPMENT_ASSET_PATHS = "\"CustomTabView_Bootcamp/Preview Content\"";
				DEVELOPMENT_TEAM = 5XJCC23FML;
				ENABLE_PREVIEWS = YES;
				GENERATE_INFOPLIST_FILE = YES;
				INFOPLIST_KEY_UIApplicationSceneManifest_Generation = YES;
				INFOPLIST_KEY_UIApplicationSupportsIndirectInputEvents = YES;
				INFOPLIST_KEY_UILaunchScreen_Generation = YES;
				INFOPLIST_KEY_UISupportedInterfaceOrientations_iPad = "UIInterfaceOrientationPortrait UIInterfaceOrientationPortraitUpsideDown UIInterfaceOrientationLandscapeLeft UIInterfaceOrientationLandscapeRight";
				INFOPLIST_KEY_UISupportedInterfaceOrientations_iPhone = "UIInterfaceOrientationPortrait UIInterfaceOrientationLandscapeLeft UIInterfaceOrientationLandscapeRight";
				LD_RUNPATH_SEARCH_PATHS = (
					"$(inherited)",
					"@executable_path/Frameworks",
				);
				MARKETING_VERSION = 1.0;
				PRODUCT_BUNDLE_IDENTIFIER = "com.dmitriispichakov.CustomTabView-Bootcamp";
				PRODUCT_NAME = "$(TARGET_NAME)";
				SWIFT_EMIT_LOC_STRINGS = YES;
				SWIFT_VERSION = 5.0;
				TARGETED_DEVICE_FAMILY = "1,2";
			};
			name = Debug;
		};
		A23ECFB528FEF65E008FA773 /* Release */ = {
			isa = XCBuildConfiguration;
			buildSettings = {
				ASSETCATALOG_COMPILER_APPICON_NAME = AppIcon;
				ASSETCATALOG_COMPILER_GLOBAL_ACCENT_COLOR_NAME = AccentColor;
				CODE_SIGN_STYLE = Automatic;
				CURRENT_PROJECT_VERSION = 1;
				DEVELOPMENT_ASSET_PATHS = "\"CustomTabView_Bootcamp/Preview Content\"";
				DEVELOPMENT_TEAM = 5XJCC23FML;
				ENABLE_PREVIEWS = YES;
				GENERATE_INFOPLIST_FILE = YES;
				INFOPLIST_KEY_UIApplicationSceneManifest_Generation = YES;
				INFOPLIST_KEY_UIApplicationSupportsIndirectInputEvents = YES;
				INFOPLIST_KEY_UILaunchScreen_Generation = YES;
				INFOPLIST_KEY_UISupportedInterfaceOrientations_iPad = "UIInterfaceOrientationPortrait UIInterfaceOrientationPortraitUpsideDown UIInterfaceOrientationLandscapeLeft UIInterfaceOrientationLandscapeRight";
				INFOPLIST_KEY_UISupportedInterfaceOrientations_iPhone = "UIInterfaceOrientationPortrait UIInterfaceOrientationLandscapeLeft UIInterfaceOrientationLandscapeRight";
				LD_RUNPATH_SEARCH_PATHS = (
					"$(inherited)",
					"@executable_path/Frameworks",
				);
				MARKETING_VERSION = 1.0;
				PRODUCT_BUNDLE_IDENTIFIER = "com.dmitriispichakov.CustomTabView-Bootcamp";
				PRODUCT_NAME = "$(TARGET_NAME)";
				SWIFT_EMIT_LOC_STRINGS = YES;
				SWIFT_VERSION = 5.0;
				TARGETED_DEVICE_FAMILY = "1,2";
			};
			name = Release;
		};
/* End XCBuildConfiguration section */

/* Begin XCConfigurationList section */
		A23ECFA028FEF65C008FA773 /* Build configuration list for PBXProject "CustomTabView_Bootcamp" */ = {
			isa = XCConfigurationList;
			buildConfigurations = (
				A23ECFB128FEF65E008FA773 /* Debug */,
				A23ECFB228FEF65E008FA773 /* Release */,
			);
			defaultConfigurationIsVisible = 0;
			defaultConfigurationName = Release;
		};
		A23ECFB328FEF65E008FA773 /* Build configuration list for PBXNativeTarget "CustomTabView_Bootcamp" */ = {
			isa = XCConfigurationList;
			buildConfigurations = (
				A23ECFB428FEF65E008FA773 /* Debug */,
				A23ECFB528FEF65E008FA773 /* Release */,
			);
			defaultConfigurationIsVisible = 0;
			defaultConfigurationName = Release;
		};
/* End XCConfigurationList section */
	};
	rootObject = A23ECF9D28FEF65C008FA773 /* Project object */;
}
